Mirror in progress since Mon, 09 Mar 2020 18:20:49 .. please wait!
winhttrack -qYC2%Ps2u1%s%uN0%I0p3DaK0H0%kf2A25000%f#f -F "Mozilla/4.5 (compatible; HTTrack 3.0x; Windows 98)" -%F "<!-- Mirrored from %s%s by HTTrack Website Copier/3.x [XR&CO'2014], %s -->" -%l "en, *" -Y https://phuongtanit.blogspot.com/ -O1 ""C:\My Web Sites\phuongtanitblogspot"" +*.png +*.gif +*.jpg +*.jpeg +*.css +*.js -ad.doubleclick.net/* -mime:application/foobar 
To pause the engine: create an empty file named 'hts-stop.lock'
PID=11896
START=1583752849
